{
  "name": "@hands-on/glass",
  "version": "1.8.0",
  "lockfileVersion": 3,
  "requires": true,
  "packages": {
    "": {
      "name": "@hands-on/glass",
      "version": "1.8.0",
      "license": "UNLICENSED",
      "peerDependencies": {
        "leaflet": "^1.9.4",
        "vue": "^3.5.0",
        "vue-i18n": "^11.0.0"
      },
      "peerDependenciesMeta": {
        "leaflet": {
          "optional": true
        },
        "vue": {
          "optional": true
        },
        "vue-i18n": {
          "optional": true
        }
      }
    }
  }
}
